// !$*UTF8*$!
{
	archiveVersion = 1;
	classes = {
	};
	objectVersion = 50;
	objects = {

/* Begin PBXBuildFile section */
		E4008252230F3CC7001F5F86 /* CardViewModel.swift in Sources */ = {isa = PBXBuildFile; fileRef = E4008251230F3CC7001F5F86 /* CardViewModel.swift */; };
		E4008254230F86BE001F5F86 /* Advertiser.swift in Sources */ = {isa = PBXBuildFile; fileRef = E4008253230F86BE001F5F86 /* Advertiser.swift */; };
		E40A443F230CDC9100AF5B1E /* User.swift in Sources */ = {isa = PBXBuildFile; fileRef = E40A443E230CDC9100AF5B1E /* User.swift */; };
		E43BCDD12325EEB400A62B9A /* SettingsCell.swift in Sources */ = {isa = PBXBuildFile; fileRef = E43BCDD02325EEB400A62B9A /* SettingsCell.swift */; };
		E43EC06C22E186EC002EF120 /* AppDelegate.swift in Sources */ = {isa = PBXBuildFile; fileRef = E43EC06B22E186EC002EF120 /* AppDelegate.swift */; };
		E43EC07122E186EC002EF120 /* Main.storyboard in Resources */ = {isa = PBXBuildFile; fileRef = E43EC06F22E186EC002EF120 /* Main.storyboard */; };
		E43EC07322E186EF002EF120 /* Assets.xcassets in Resources */ = {isa = PBXBuildFile; fileRef = E43EC07222E186EF002EF120 /* Assets.xcassets */; };
		E43EC07622E186EF002EF120 /* LaunchScreen.storyboard in Resources */ = {isa = PBXBuildFile; fileRef = E43EC07422E186EF002EF120 /* LaunchScreen.storyboard */; };
		E44142432324762A00396F17 /* SettingsController.swift in Sources */ = {isa = PBXBuildFile; fileRef = E44142422324762A00396F17 /* SettingsController.swift */; };
		E44142452324978F00396F17 /* CustomImagePickerController.swift in Sources */ = {isa = PBXBuildFile; fileRef = E44142442324978F00396F17 /* CustomImagePickerController.swift */; };
		E44B488322E6C50E00BDC717 /* TopNavigationStackView.swift in Sources */ = {isa = PBXBuildFile; fileRef = E44B488222E6C50E00BDC717 /* TopNavigationStackView.swift */; };
		E450810A231F45E200EB1D08 /* RegistrationViewModel.swift in Sources */ = {isa = PBXBuildFile; fileRef = E4508109231F45E200EB1D08 /* RegistrationViewModel.swift */; };
		E4548C35231C5AD5003BF5DD /* CustomTextField.swift in Sources */ = {isa = PBXBuildFile; fileRef = E4548C34231C5AD5003BF5DD /* CustomTextField.swift */; };
		E462BEB922E2857B00432B7F /* Extensions.swift in Sources */ = {isa = PBXBuildFile; fileRef = E462BEB822E2857B00432B7F /* Extensions.swift */; };
		E462BEBC22E2C34800432B7F /* HomeBottomControlsStackView.swift in Sources */ = {isa = PBXBuildFile; fileRef = E462BEBB22E2C34800432B7F /* HomeBottomControlsStackView.swift */; };
		E46A64F8230BC7750083CCD7 /* HomeController.swift in Sources */ = {isa = PBXBuildFile; fileRef = E46A64F7230BC7750083CCD7 /* HomeController.swift */; };
		E487B9B12319F20500773FDF /* RegistrationController.swift in Sources */ = {isa = PBXBuildFile; fileRef = E487B9B02319F20500773FDF /* RegistrationController.swift */; };
		E4C4FA702300F326003E3987 /* CardView.swift in Sources */ = {isa = PBXBuildFile; fileRef = E4C4FA6F2300F326003E3987 /* CardView.swift */; };
		E4DF175123204E1400C8E3FB /* GoogleService-Info.plist in Resources */ = {isa = PBXBuildFile; fileRef = E4DF175023204E1400C8E3FB /* GoogleService-Info.plist */; };
		E4DF175323206AAC00C8E3FB /* Bindable.swift in Sources */ = {isa = PBXBuildFile; fileRef = E4DF175223206AAC00C8E3FB /* Bindable.swift */; };
		F83E239E9E1E4E086D6F5026 /* Pods_TinderFireStore.framework in Frameworks */ = {isa = PBXBuildFile; fileRef = 0B46E953C467D96DD8270DD9 /* Pods_TinderFireStore.framework */; };
/* End PBXBuildFile section */

/* Begin PBXFileReference section */
		0B46E953C467D96DD8270DD9 /* Pods_TinderFireStore.framework */ = {isa = PBXFileReference; explicitFileType = wrapper.framework; includeInIndex = 0; path = Pods_TinderFireStore.framework; sourceTree = BUILT_PRODUCTS_DIR; };
		B54A668C6EC933EA24321740 /* Pods-TinderFireStore.release.xcconfig */ = {isa = PBXFileReference; includeInIndex = 1; lastKnownFileType = text.xcconfig; name = "Pods-TinderFireStore.release.xcconfig"; path = "Pods/Target Support Files/Pods-TinderFireStore/Pods-TinderFireStore.release.xcconfig"; sourceTree = "<group>"; };
		E4008251230F3CC7001F5F86 /* CardViewModel.swift */ = {isa = PBXFileReference; lastKnownFileType = sourcecode.swift; path = CardViewModel.swift; sourceTree = "<group>"; };
		E4008253230F86BE001F5F86 /* Advertiser.swift */ = {isa = PBXFileReference; lastKnownFileType = sourcecode.swift; path = Advertiser.swift; sourceTree = "<group>"; };
		E40A443E230CDC9100AF5B1E /* User.swift */ = {isa = PBXFileReference; lastKnownFileType = sourcecode.swift; path = User.swift; sourceTree = "<group>"; };
		E43BCDD02325EEB400A62B9A /* SettingsCell.swift */ = {isa = PBXFileReference; lastKnownFileType = sourcecode.swift; path = SettingsCell.swift; sourceTree = "<group>"; };
		E43EC06822E186EC002EF120 /* TinderFireStore.app */ = {isa = PBXFileReference; explicitFileType = wrapper.application; includeInIndex = 0; path = TinderFireStore.app; sourceTree = BUILT_PRODUCTS_DIR; };
		E43EC06B22E186EC002EF120 /* AppDelegate.swift */ = {isa = PBXFileReference; lastKnownFileType = sourcecode.swift; path = AppDelegate.swift; sourceTree = "<group>"; };
		E43EC07022E186EC002EF120 /* Base */ = {isa = PBXFileReference; lastKnownFileType = file.storyboard; name = Base; path = Base.lproj/Main.storyboard; sourceTree = "<group>"; };
		E43EC07222E186EF002EF120 /* Assets.xcassets */ = {isa = PBXFileReference; lastKnownFileType = folder.assetcatalog; path = Assets.xcassets; sourceTree = "<group>"; };
		E43EC07522E186EF002EF120 /* Base */ = {isa = PBXFileReference; lastKnownFileType = file.storyboard; name = Base; path = Base.lproj/LaunchScreen.storyboard; sourceTree = "<group>"; };
		E43EC07722E186EF002EF120 /* Info.plist */ = {isa = PBXFileReference; lastKnownFileType = text.plist.xml; path = Info.plist; sourceTree = "<group>"; };
		E44142422324762A00396F17 /* SettingsController.swift */ = {isa = PBXFileReference; lastKnownFileType = sourcecode.swift; path = SettingsController.swift; sourceTree = "<group>"; };
		E44142442324978F00396F17 /* CustomImagePickerController.swift */ = {isa = PBXFileReference; lastKnownFileType = sourcecode.swift; path = CustomImagePickerController.swift; sourceTree = "<group>"; };
		E44B488222E6C50E00BDC717 /* TopNavigationStackView.swift */ = {isa = PBXFileReference; lastKnownFileType = sourcecode.swift; path = TopNavigationStackView.swift; sourceTree = "<group>"; };
		E4508109231F45E200EB1D08 /* RegistrationViewModel.swift */ = {isa = PBXFileReference; lastKnownFileType = sourcecode.swift; path = RegistrationViewModel.swift; sourceTree = "<group>"; };
		E4548C34231C5AD5003BF5DD /* CustomTextField.swift */ = {isa = PBXFileReference; lastKnownFileType = sourcecode.swift; path = CustomTextField.swift; sourceTree = "<group>"; };
		E462BEB822E2857B00432B7F /* Extensions.swift */ = {isa = PBXFileReference; lastKnownFileType = sourcecode.swift; path = Extensions.swift; sourceTree = "<group>"; };
		E462BEBB22E2C34800432B7F /* HomeBottomControlsStackView.swift */ = {isa = PBXFileReference; lastKnownFileType = sourcecode.swift; path = HomeBottomControlsStackView.swift; sourceTree = "<group>"; };
		E46A64F7230BC7750083CCD7 /* HomeController.swift */ = {isa = PBXFileReference; lastKnownFileType = sourcecode.swift; path = HomeController.swift; sourceTree = "<group>"; };
		E487B9B02319F20500773FDF /* RegistrationController.swift */ = {isa = PBXFileReference; lastKnownFileType = sourcecode.swift; path = RegistrationController.swift; sourceTree = "<group>"; };
		E4C4FA6F2300F326003E3987 /* CardView.swift */ = {isa = PBXFileReference; lastKnownFileType = sourcecode.swift; path = CardView.swift; sourceTree = "<group>"; };
		E4DF175023204E1400C8E3FB /* GoogleService-Info.plist */ = {isa = PBXFileReference; fileEncoding = 4; lastKnownFileType = text.plist.xml; path = "GoogleService-Info.plist"; sourceTree = "<group>"; };
		E4DF175223206AAC00C8E3FB /* Bindable.swift */ = {isa = PBXFileReference; lastKnownFileType = sourcecode.swift; path = Bindable.swift; sourceTree = "<group>"; };
		EA2D12C093117B2E37818585 /* Pods-TinderFireStore.debug.xcconfig */ = {isa = PBXFileReference; includeInIndex = 1; lastKnownFileType = text.xcconfig; name = "Pods-TinderFireStore.debug.xcconfig"; path = "Pods/Target Support Files/Pods-TinderFireStore/Pods-TinderFireStore.debug.xcconfig"; sourceTree = "<group>"; };
/* End PBXFileReference section */

/* Begin PBXFrameworksBuildPhase section */
		E43EC06522E186EC002EF120 /* Frameworks */ = {
			isa = PBXFrameworksBuildPhase;
			buildActionMask = 2147483647;
			files = (
				F83E239E9E1E4E086D6F5026 /* Pods_TinderFireStore.framework in Frameworks */,
			);
			runOnlyForDeploymentPostprocessing = 0;
		};
/* End PBXFrameworksBuildPhase section */

/* Begin PBXGroup section */
		2D4668196BDF059C97F0F383 /* Pods */ = {
			isa = PBXGroup;
			children = (
				EA2D12C093117B2E37818585 /* Pods-TinderFireStore.debug.xcconfig */,
				B54A668C6EC933EA24321740 /* Pods-TinderFireStore.release.xcconfig */,
			);
			name = Pods;
			sourceTree = "<group>";
		};
		BDC9F833646A0AD13686FD23 /* Frameworks */ = {
			isa = PBXGroup;
			children = (
				0B46E953C467D96DD8270DD9 /* Pods_TinderFireStore.framework */,
			);
			name = Frameworks;
			sourceTree = "<group>";
		};
		E400824F230F3C32001F5F86 /* Controllers */ = {
			isa = PBXGroup;
			children = (
				E46A64F7230BC7750083CCD7 /* HomeController.swift */,
				E487B9B02319F20500773FDF /* RegistrationController.swift */,
				E4508109231F45E200EB1D08 /* RegistrationViewModel.swift */,
				E4DF175223206AAC00C8E3FB /* Bindable.swift */,
				E44142422324762A00396F17 /* SettingsController.swift */,
				E44142442324978F00396F17 /* CustomImagePickerController.swift */,
			);
			path = Controllers;
			sourceTree = "<group>";
		};
		E4008250230F3CB0001F5F86 /* ViewModels */ = {
			isa = PBXGroup;
			children = (
				E4008251230F3CC7001F5F86 /* CardViewModel.swift */,
			);
			path = ViewModels;
			sourceTree = "<group>";
		};
		E40A443D230CDC7500AF5B1E /* Model */ = {
			isa = PBXGroup;
			children = (
				E40A443E230CDC9100AF5B1E /* User.swift */,
				E4008253230F86BE001F5F86 /* Advertiser.swift */,
			);
			path = Model;
			sourceTree = "<group>";
		};
		E43EC05F22E186EC002EF120 = {
			isa = PBXGroup;
			children = (
				E43EC06A22E186EC002EF120 /* TinderFireStore */,
				E43EC06922E186EC002EF120 /* Products */,
				2D4668196BDF059C97F0F383 /* Pods */,
				BDC9F833646A0AD13686FD23 /* Frameworks */,
			);
			sourceTree = "<group>";
		};
		E43EC06922E186EC002EF120 /* Products */ = {
			isa = PBXGroup;
			children = (
				E43EC06822E186EC002EF120 /* TinderFireStore.app */,
			);
			name = Products;
			sourceTree = "<group>";
		};
		E43EC06A22E186EC002EF120 /* TinderFireStore */ = {
			isa = PBXGroup;
			children = (
				E4008250230F3CB0001F5F86 /* ViewModels */,
				E40A443D230CDC7500AF5B1E /* Model */,
				E462BEBA22E2C30900432B7F /* Views */,
				E400824F230F3C32001F5F86 /* Controllers */,
				E43EC06B22E186EC002EF120 /* AppDelegate.swift */,
				E43EC06F22E186EC002EF120 /* Main.storyboard */,
				E43EC07222E186EF002EF120 /* Assets.xcassets */,
				E43EC07422E186EF002EF120 /* LaunchScreen.storyboard */,
				E43EC07722E186EF002EF120 /* Info.plist */,
				E4DF175023204E1400C8E3FB /* GoogleService-Info.plist */,
				E462BEB722E2855D00432B7F /* utils */,
			);
			path = TinderFireStore;
			sourceTree = "<group>";
		};
		E462BEB722E2855D00432B7F /* utils */ = {
			isa = PBXGroup;
			children = (
				E462BEB822E2857B00432B7F /* Extensions.swift */,
			);
			path = utils;
			sourceTree = "<group>";
		};
		E462BEBA22E2C30900432B7F /* Views */ = {
			isa = PBXGroup;
			children = (
				E462BEBB22E2C34800432B7F /* HomeBottomControlsStackView.swift */,
				E44B488222E6C50E00BDC717 /* TopNavigationStackView.swift */,
				E4C4FA6F2300F326003E3987 /* CardView.swift */,
				E4548C34231C5AD5003BF5DD /* CustomTextField.swift */,
				E43BCDD02325EEB400A62B9A /* SettingsCell.swift */,
			);
			path = Views;
			sourceTree = "<group>";
		};
/* End PBXGroup section */

/* Begin PBXNativeTarget section */
		E43EC06722E186EC002EF120 /* TinderFireStore */ = {
			isa = PBXNativeTarget;
			buildConfigurationList = E43EC07A22E186EF002EF120 /* Build configuration list for PBXNativeTarget "TinderFireStore" */;
			buildPhases = (
				E86CC5E5AC0CFA24385F0F24 /* [CP] Check Pods Manifest.lock */,
				E43EC06422E186EC002EF120 /* Sources */,
				E43EC06522E186EC002EF120 /* Frameworks */,
				E43EC06622E186EC002EF120 /* Resources */,
				F1BB2BD569C48CC31B6CB800 /* [CP] Embed Pods Frameworks */,
			);
			buildRules = (
			);
			dependencies = (
			);
			name = TinderFireStore;
			productName = TinderFireStore;
			productReference = E43EC06822E186EC002EF120 /* TinderFireStore.app */;
			productType = "com.apple.product-type.application";
		};
/* End PBXNativeTarget section */

/* Begin PBXProject section */
		E43EC06022E186EC002EF120 /* Project object */ = {
			isa = PBXProject;
			attributes = {
				LastSwiftUpdateCheck = 1020;
				LastUpgradeCheck = 1020;
				ORGANIZATIONNAME = "wenlong qiu";
				TargetAttributes = {
					E43EC06722E186EC002EF120 = {
						CreatedOnToolsVersion = 10.2.1;
					};
				};
			};
			buildConfigurationList = E43EC06322E186EC002EF120 /* Build configuration list for PBXProject "TinderFireStore" */;
			compatibilityVersion = "Xcode 9.3";
			developmentRegion = en;
			hasScannedForEncodings = 0;
			knownRegions = (
				en,
				Base,
			);
			mainGroup = E43EC05F22E186EC002EF120;
			productRefGroup = E43EC06922E186EC002EF120 /* Products */;
			projectDirPath = "";
			projectRoot = "";
			targets = (
				E43EC06722E186EC002EF120 /* TinderFireStore */,
			);
		};
/* End PBXProject section */

/* Begin PBXResourcesBuildPhase section */
		E43EC06622E186EC002EF120 /* Resources */ = {
			isa = PBXResourcesBuildPhase;
			buildActionMask = 2147483647;
			files = (
				E43EC07622E186EF002EF120 /* LaunchScreen.storyboard in Resources */,
				E43EC07322E186EF002EF120 /* Assets.xcassets in Resources */,
				E4DF175123204E1400C8E3FB /* GoogleService-Info.plist in Resources */,
				E43EC07122E186EC002EF120 /* Main.storyboard in Resources */,
			);
			runOnlyForDeploymentPostprocessing = 0;
		};
/* End PBXResourcesBuildPhase section */

/* Begin PBXShellScriptBuildPhase section */
		E86CC5E5AC0CFA24385F0F24 /* [CP] Check Pods Manifest.lock */ = {
			isa = PBXShellScriptBuildPhase;
			buildActionMask = 2147483647;
			files = (
			);
			inputPaths = (
				"${PODS_PODFILE_DIR_PATH}/Podfile.lock",
				"${PODS_ROOT}/Manifest.lock",
			);
			name = "[CP] Check Pods Manifest.lock";
			outputPaths = (
				"$(DERIVED_FILE_DIR)/Pods-TinderFireStore-checkManifestLockResult.txt",
			);
			runOnlyForDeploymentPostprocessing = 0;
			shellPath = /bin/sh;
			shellScript = "diff \"${PODS_PODFILE_DIR_PATH}/Podfile.lock\" \"${PODS_ROOT}/Manifest.lock\" > /dev/null\nif [ $? != 0 ] ; then\n    # print error to STDERR\n    echo \"error: The sandbox is not in sync with the Podfile.lock. Run 'pod install' or update your CocoaPods installation.\" >&2\n    exit 1\nfi\n# This output is used by Xcode 'outputs' to avoid re-running this script phase.\necho \"SUCCESS\" > \"${SCRIPT_OUTPUT_FILE_0}\"\n";
			showEnvVarsInLog = 0;
		};
		F1BB2BD569C48CC31B6CB800 /* [CP] Embed Pods Frameworks */ = {
			isa = PBXShellScriptBuildPhase;
			buildActionMask = 2147483647;
			files = (
			);
			inputPaths = (
				"${SRCROOT}/Pods/Target Support Files/Pods-TinderFireStore/Pods-TinderFireStore-frameworks.sh",
				"${BUILT_PRODUCTS_DIR}/BoringSSL-GRPC/openssl_grpc.framework",
				"${BUILT_PRODUCTS_DIR}/GTMSessionFetcher/GTMSessionFetcher.framework",
				"${BUILT_PRODUCTS_DIR}/GoogleUtilities/GoogleUtilities.framework",
				"${BUILT_PRODUCTS_DIR}/JGProgressHUD/JGProgressHUD.framework",
				"${BUILT_PRODUCTS_DIR}/Protobuf/Protobuf.framework",
				"${BUILT_PRODUCTS_DIR}/SDWebImage/SDWebImage.framework",
				"${BUILT_PRODUCTS_DIR}/gRPC-C++/grpcpp.framework",
				"${BUILT_PRODUCTS_DIR}/gRPC-Core/grpc.framework",
				"${BUILT_PRODUCTS_DIR}/leveldb-library/leveldb.framework",
				"${BUILT_PRODUCTS_DIR}/nanopb/nanopb.framework",
			);
			name = "[CP] Embed Pods Frameworks";
			outputPaths = (
				"${TARGET_BUILD_DIR}/${FRAMEWORKS_FOLDER_PATH}/openssl_grpc.framework",
				"${TARGET_BUILD_DIR}/${FRAMEWORKS_FOLDER_PATH}/GTMSessionFetcher.framework",
				"${TARGET_BUILD_DIR}/${FRAMEWORKS_FOLDER_PATH}/GoogleUtilities.framework",
				"${TARGET_BUILD_DIR}/${FRAMEWORKS_FOLDER_PATH}/JGProgressHUD.framework",
				"${TARGET_BUILD_DIR}/${FRAMEWORKS_FOLDER_PATH}/Protobuf.framework",
				"${TARGET_BUILD_DIR}/${FRAMEWORKS_FOLDER_PATH}/SDWebImage.framework",
				"${TARGET_BUILD_DIR}/${FRAMEWORKS_FOLDER_PATH}/grpcpp.framework",
				"${TARGET_BUILD_DIR}/${FRAMEWORKS_FOLDER_PATH}/grpc.framework",
				"${TARGET_BUILD_DIR}/${FRAMEWORKS_FOLDER_PATH}/leveldb.framework",
				"${TARGET_BUILD_DIR}/${FRAMEWORKS_FOLDER_PATH}/nanopb.framework",
			);
			runOnlyForDeploymentPostprocessing = 0;
			shellPath = /bin/sh;
			shellScript = "\"${SRCROOT}/Pods/Target Support Files/Pods-TinderFireStore/Pods-TinderFireStore-frameworks.sh\"\n";
			showEnvVarsInLog = 0;
		};
/* End PBXShellScriptBuildPhase section */

/* Begin PBXSourcesBuildPhase section */
		E43EC06422E186EC002EF120 /* Sources */ = {
			isa = PBXSourcesBuildPhase;
			buildActionMask = 2147483647;
			files = (
				E4DF175323206AAC00C8E3FB /* Bindable.swift in Sources */,
				E46A64F8230BC7750083CCD7 /* HomeController.swift in Sources */,
				E450810A231F45E200EB1D08 /* RegistrationViewModel.swift in Sources */,
				E4548C35231C5AD5003BF5DD /* CustomTextField.swift in Sources */,
				E462BEBC22E2C34800432B7F /* HomeBottomControlsStackView.swift in Sources */,
				E4008254230F86BE001F5F86 /* Advertiser.swift in Sources */,
				E462BEB922E2857B00432B7F /* Extensions.swift in Sources */,
				E43EC06C22E186EC002EF120 /* AppDelegate.swift in Sources */,
				E4008252230F3CC7001F5F86 /* CardViewModel.swift in Sources */,
				E4C4FA702300F326003E3987 /* CardView.swift in Sources */,
				E44142432324762A00396F17 /* SettingsController.swift in Sources */,
				E44B488322E6C50E00BDC717 /* TopNavigationStackView.swift in Sources */,
				E44142452324978F00396F17 /* CustomImagePickerController.swift in Sources */,
				E487B9B12319F20500773FDF /* RegistrationController.swift in Sources */,
				E43BCDD12325EEB400A62B9A /* SettingsCell.swift in Sources */,
				E40A443F230CDC9100AF5B1E /* User.swift in Sources */,
			);
			runOnlyForDeploymentPostprocessing = 0;
		};
/* End PBXSourcesBuildPhase section */

/* Begin PBXVariantGroup section */
		E43EC06F22E186EC002EF120 /* Main.storyboard */ = {
			isa = PBXVariantGroup;
			children = (
				E43EC07022E186EC002EF120 /* Base */,
			);
			name = Main.storyboard;
			sourceTree = "<group>";
		};
		E43EC07422E186EF002EF120 /* LaunchScreen.storyboard */ = {
			isa = PBXVariantGroup;
			children = (
				E43EC07522E186EF002EF120 /* Base */,
			);
			name = LaunchScreen.storyboard;
			sourceTree = "<group>";
		};
/* End PBXVariantGroup section */

/* Begin XCBuildConfiguration section */
		E43EC07822E186EF002EF120 /* Debug */ = {
			isa = XCBuildConfiguration;
			buildSettings = {
				ALWAYS_SEARCH_USER_PATHS = NO;
				CLANG_ANALYZER_NONNULL = YES;
				CLANG_ANALYZER_NUMBER_OBJECT_CONVERSION = YES_AGGRESSIVE;
				CLANG_CXX_LANGUAGE_STANDARD = "gnu++14";
				CLANG_CXX_LIBRARY = "libc++";
				CLANG_ENABLE_MODULES = YES;
				CLANG_ENABLE_OBJC_ARC = YES;
				CLANG_ENABLE_OBJC_WEAK = YES;
				CLANG_WARN_BLOCK_CAPTURE_AUTORELEASING = YES;
				CLANG_WARN_BOOL_CONVERSION = YES;
				CLANG_WARN_COMMA = YES;
				CLANG_WARN_CONSTANT_CONVERSION = YES;
				CLANG_WARN_DEPRECATED_OBJC_IMPLEMENTATIONS = YES;
				CLANG_WARN_DIRECT_OBJC_ISA_USAGE = YES_ERROR;
				CLANG_WARN_DOCUMENTATION_COMMENTS = YES;
				CLANG_WARN_EMPTY_BODY = YES;
				CLANG_WARN_ENUM_CONVERSION = YES;
				CLANG_WARN_INFINITE_RECURSION = YES;
				CLANG_WARN_INT_CONVERSION = YES;
				CLANG_WARN_NON_LITERAL_NULL_CONVERSION = YES;
				CLANG_WARN_OBJC_IMPLICIT_RETAIN_SELF = YES;
				CLANG_WARN_OBJC_LITERAL_CONVERSION = YES;
				CLANG_WARN_OBJC_ROOT_CLASS = YES_ERROR;
				CLANG_WARN_RANGE_LOOP_ANALYSIS = YES;
				CLANG_WARN_STRICT_PROTOTYPES = YES;
				CLANG_WARN_SUSPICIOUS_MOVE = YES;
				CLANG_WARN_UNGUARDED_AVAILABILITY = YES_AGGRESSIVE;
				CLANG_WARN_UNREACHABLE_CODE = YES;
				CLANG_WARN__DUPLICATE_METHOD_MATCH = YES;
				CODE_SIGN_IDENTITY = "iPhone Developer";
				COPY_PHASE_STRIP = NO;
				DEBUG_INFORMATION_FORMAT = dwarf;
				ENABLE_STRICT_OBJC_MSGSEND = YES;
				ENABLE_TESTABILITY = YES;
				GCC_C_LANGUAGE_STANDARD = gnu11;
				GCC_DYNAMIC_NO_PIC = NO;
				GCC_NO_COMMON_BLOCKS = YES;
				GCC_OPTIMIZATION_LEVEL = 0;
				GCC_PREPROCESSOR_DEFINITIONS = (
					"DEBUG=1",
					"$(inherited)",
				);
				GCC_WARN_64_TO_32_BIT_CONVERSION = YES;
				GCC_WARN_ABOUT_RETURN_TYPE = YES_ERROR;
				GCC_WARN_UNDECLARED_SELECTOR = YES;
				GCC_WARN_UNINITIALIZED_AUTOS = YES_AGGRESSIVE;
				GCC_WARN_UNUSED_FUNCTION = YES;
				GCC_WARN_UNUSED_VARIABLE = YES;
				IPHONEOS_DEPLOYMENT_TARGET = 12.2;
				MTL_ENABLE_DEBUG_INFO = INCLUDE_SOURCE;
				MTL_FAST_MATH = YES;
				ONLY_ACTIVE_ARCH = YES;
				SDKROOT = iphoneos;
				SWIFT_ACTIVE_COMPILATION_CONDITIONS = DEBUG;
				SWIFT_OPTIMIZATION_LEVEL = "-Onone";
			};
			name = Debug;
		};
		E43EC07922E186EF002EF120 /* Release */ = {
			isa = XCBuildConfiguration;
			buildSettings = {
				ALWAYS_SEARCH_USER_PATHS = NO;
				CLANG_ANALYZER_NONNULL = YES;
				CLANG_ANALYZER_NUMBER_OBJECT_CONVERSION = YES_AGGRESSIVE;
				CLANG_CXX_LANGUAGE_STANDARD = "gnu++14";
				CLANG_CXX_LIBRARY = "libc++";
				CLANG_ENABLE_MODULES = YES;
				CLANG_ENABLE_OBJC_ARC = YES;
				CLANG_ENABLE_OBJC_WEAK = YES;
				CLANG_WARN_BLOCK_CAPTURE_AUTORELEASING = YES;
				CLANG_WARN_BOOL_CONVERSION = YES;
				CLANG_WARN_COMMA = YES;
				CLANG_WARN_CONSTANT_CONVERSION = YES;
				CLANG_WARN_DEPRECATED_OBJC_IMPLEMENTATIONS = YES;
				CLANG_WARN_DIRECT_OBJC_ISA_USAGE = YES_ERROR;
				CLANG_WARN_DOCUMENTATION_COMMENTS = YES;
				CLANG_WARN_EMPTY_BODY = YES;
				CLANG_WARN_ENUM_CONVERSION = YES;
				CLANG_WARN_INFINITE_RECURSION = YES;
				CLANG_WARN_INT_CONVERSION = YES;
				CLANG_WARN_NON_LITERAL_NULL_CONVERSION = YES;
				CLANG_WARN_OBJC_IMPLICIT_RETAIN_SELF = YES;
				CLANG_WARN_OBJC_LITERAL_CONVERSION = YES;
				CLANG_WARN_OBJC_ROOT_CLASS = YES_ERROR;
				CLANG_WARN_RANGE_LOOP_ANALYSIS = YES;
				CLANG_WARN_STRICT_PROTOTYPES = YES;
				CLANG_WARN_SUSPICIOUS_MOVE = YES;
				CLANG_WARN_UNGUARDED_AVAILABILITY = YES_AGGRESSIVE;
				CLANG_WARN_UNREACHABLE_CODE = YES;
				CLANG_WARN__DUPLICATE_METHOD_MATCH = YES;
				CODE_SIGN_IDENTITY = "iPhone Developer";
				COPY_PHASE_STRIP = NO;
				DEBUG_INFORMATION_FORMAT = "dwarf-with-dsym";
				ENABLE_NS_ASSERTIONS = NO;
				ENABLE_STRICT_OBJC_MSGSEND = YES;
				GCC_C_LANGUAGE_STANDARD = gnu11;
				GCC_NO_COMMON_BLOCKS = YES;
				GCC_WARN_64_TO_32_BIT_CONVERSION = YES;
				GCC_WARN_ABOUT_RETURN_TYPE = YES_ERROR;
				GCC_WARN_UNDECLARED_SELECTOR = YES;
				GCC_WARN_UNINITIALIZED_AUTOS = YES_AGGRESSIVE;
				GCC_WARN_UNUSED_FUNCTION = YES;
				GCC_WARN_UNUSED_VARIABLE = YES;
				IPHONEOS_DEPLOYMENT_TARGET = 12.2;
				MTL_ENABLE_DEBUG_INFO = NO;
				MTL_FAST_MATH = YES;
				SDKROOT = iphoneos;
				SWIFT_COMPILATION_MODE = wholemodule;
				SWIFT_OPTIMIZATION_LEVEL = "-O";
				VALIDATE_PRODUCT = YES;
			};
			name = Release;
		};
		E43EC07B22E186EF002EF120 /* Debug */ = {
			isa = XCBuildConfiguration;
			baseConfigurationReference = EA2D12C093117B2E37818585 /* Pods-TinderFireStore.debug.xcconfig */;
			buildSettings = {
				ASSETCATALOG_COMPILER_APPICON_NAME = AppIcon;
				CODE_SIGN_STYLE = Automatic;
				DEVELOPMENT_TEAM = 783VTM2647;
				INFOPLIST_FILE = TinderFireStore/Info.plist;
				LD_RUNPATH_SEARCH_PATHS = (
					"$(inherited)",
					"@executable_path/Frameworks",
				);
				PRODUCT_BUNDLE_IDENTIFIER = com.damonqiu26.TinderFireStore;
				PRODUCT_NAME = "$(TARGET_NAME)";
				SWIFT_VERSION = 5.0;
				TARGETED_DEVICE_FAMILY = "1,2";
			};
			name = Debug;
		};
		E43EC07C22E186EF002EF120 /* Release */ = {
			isa = XCBuildConfiguration;
			baseConfigurationReference = B54A668C6EC933EA24321740 /* Pods-TinderFireStore.release.xcconfig */;
			buildSettings = {
				ASSETCATALOG_COMPILER_APPICON_NAME = AppIcon;
				CODE_SIGN_STYLE = Automatic;
				DEVELOPMENT_TEAM = 783VTM2647;
				INFOPLIST_FILE = TinderFireStore/Info.plist;
				LD_RUNPATH_SEARCH_PATHS = (
					"$(inherited)",
					"@executable_path/Frameworks",
				);
				PRODUCT_BUNDLE_IDENTIFIER = com.damonqiu26.TinderFireStore;
				PRODUCT_NAME = "$(TARGET_NAME)";
				SWIFT_VERSION = 5.0;
				TARGETED_DEVICE_FAMILY = "1,2";
			};
			name = Release;
		};
/* End XCBuildConfiguration section */

/* Begin XCConfigurationList section */
		E43EC06322E186EC002EF120 /* Build configuration list for PBXProject "TinderFireStore" */ = {
			isa = XCConfigurationList;
			buildConfigurations = (
				E43EC07822E186EF002EF120 /* Debug */,
				E43EC07922E186EF002EF120 /* Release */,
			);
			defaultConfigurationIsVisible = 0;
			defaultConfigurationName = Release;
		};
		E43EC07A22E186EF002EF120 /* Build configuration list for PBXNativeTarget "TinderFireStore" */ = {
			isa = XCConfigurationList;
			buildConfigurations = (
				E43EC07B22E186EF002EF120 /* Debug */,
				E43EC07C22E186EF002EF120 /* Release */,
			);
			defaultConfigurationIsVisible = 0;
			defaultConfigurationName = Release;
		};
/* End XCConfigurationList section */
	};
	rootObject = E43EC06022E186EC002EF120 /* Project object */;
}
